// !$*UTF8*$!
{
	archiveVersion = 1;
	classes = {
	};
	objectVersion = 56;
	objects = {

/* Begin PBXBuildFile section */
		1F3433B02ACBB92200DD44B0 /* AppDelegate.swift in Sources */ = {isa = PBXBuildFile; fileRef = 1F3433AF2ACBB92200DD44B0 /* AppDelegate.swift */; };
		1F3433B22ACBB92200DD44B0 /* SceneDelegate.swift in Sources */ = {isa = PBXBuildFile; fileRef = 1F3433B12ACBB92200DD44B0 /* SceneDelegate.swift */; };
		1F3433B42ACBB92200DD44B0 /* ViewController.swift in Sources */ = {isa = PBXBuildFile; fileRef = 1F3433B32ACBB92200DD44B0 /* ViewController.swift */; };
		1F3433B72ACBB92200DD44B0 /* Main.storyboard in Resources */ = {isa = PBXBuildFile; fileRef = 1F3433B52ACBB92200DD44B0 /* Main.storyboard */; };
		1F3433B92ACBB92600DD44B0 /* Assets.xcassets in Resources */ = {isa = PBXBuildFile; fileRef = 1F3433B82ACBB92600DD44B0 /* Assets.xcassets */; };
		1F3433BC2ACBB92600DD44B0 /* LaunchScreen.storyboard in Resources */ = {isa = PBXBuildFile; fileRef = 1F3433BA2ACBB92600DD44B0 /* LaunchScreen.storyboard */; };
		1F3F42A82ACD29B6009AE87F /* collectionTableViewCell.swift in Sources */ = {isa = PBXBuildFile; fileRef = 1F3F42A62ACD29B6009AE87F /* collectionTableViewCell.swift */; };
		1F3F42A92ACD29B6009AE87F /* collectionTableViewCell.xib in Resources */ = {isa = PBXBuildFile; fileRef = 1F3F42A72ACD29B6009AE87F /* collectionTableViewCell.xib */; };
		1F3F42B02ACD30BD009AE87F /* myCollectionViewCell.swift in Sources */ = {isa = PBXBuildFile; fileRef = 1F3F42AE2ACD30BD009AE87F /* myCollectionViewCell.swift */; };
		1F3F42B12ACD30BD009AE87F /* myCollectionViewCell.xib in Resources */ = {isa = PBXBuildFile; fileRef = 1F3F42AF2ACD30BD009AE87F /* myCollectionViewCell.xib */; };
/* End PBXBuildFile section */

/* Begin PBXFileReference section */
		1F3433AC2ACBB92200DD44B0 /* youtube_Frontend_create.app */ = {isa = PBXFileReference; explicitFileType = wrapper.application; includeInIndex = 0; path = youtube_Frontend_create.app; sourceTree = BUILT_PRODUCTS_DIR; };
		1F3433AF2ACBB92200DD44B0 /* AppDelegate.swift */ = {isa = PBXFileReference; lastKnownFileType = sourcecode.swift; path = AppDelegate.swift; sourceTree = "<group>"; };
		1F3433B12ACBB92200DD44B0 /* SceneDelegate.swift */ = {isa = PBXFileReference; lastKnownFileType = sourcecode.swift; path = SceneDelegate.swift; sourceTree = "<group>"; };
		1F3433B32ACBB92200DD44B0 /* ViewController.swift */ = {isa = PBXFileReference; lastKnownFileType = sourcecode.swift; path = ViewController.swift; sourceTree = "<group>"; };
		1F3433B62ACBB92200DD44B0 /* Base */ = {isa = PBXFileReference; lastKnownFileType = file.storyboard; name = Base; path = Base.lproj/Main.storyboard; sourceTree = "<group>"; };
		1F3433B82ACBB92600DD44B0 /* Assets.xcassets */ = {isa = PBXFileReference; lastKnownFileType = folder.assetcatalog; path = Assets.xcassets; sourceTree = "<group>"; };
		1F3433BB2ACBB92600DD44B0 /* Base */ = {isa = PBXFileReference; lastKnownFileType = file.storyboard; name = Base; path = Base.lproj/LaunchScreen.storyboard; sourceTree = "<group>"; };
		1F3433BD2ACBB92600DD44B0 /* Info.plist */ = {isa = PBXFileReference; lastKnownFileType = text.plist.xml; path = Info.plist; sourceTree = "<group>"; };
		1F3F42A62ACD29B6009AE87F /* collectionTableViewCell.swift */ = {isa = PBXFileReference; lastKnownFileType = sourcecode.swift; path = collectionTableViewCell.swift; sourceTree = "<group>"; };
		1F3F42A72ACD29B6009AE87F /* collectionTableViewCell.xib */ = {isa = PBXFileReference; lastKnownFileType = file.xib; path = collectionTableViewCell.xib; sourceTree = "<group>"; };
		1F3F42AE2ACD30BD009AE87F /* myCollectionViewCell.swift */ = {isa = PBXFileReference; lastKnownFileType = sourcecode.swift; path = myCollectionViewCell.swift; sourceTree = "<group>"; };
		1F3F42AF2ACD30BD009AE87F /* myCollectionViewCell.xib */ = {isa = PBXFileReference; lastKnownFileType = file.xib; path = myCollectionViewCell.xib; sourceTree = "<group>"; };
/* End PBXFileReference section */

/* Begin PBXFrameworksBuildPhase section */
		1F3433A92ACBB92200DD44B0 /* Frameworks */ = {
			isa = PBXFrameworksBuildPhase;
			buildActionMask = 2147483647;
			files = (
			);
			runOnlyForDeploymentPostprocessing = 0;
		};
/* End PBXFrameworksBuildPhase section */

/* Begin PBXGroup section */
		1F3433A32ACBB92200DD44B0 = {
			isa = PBXGroup;
			children = (
				1F3433AE2ACBB92200DD44B0 /* youtube_Frontend_create */,
				1F3433AD2ACBB92200DD44B0 /* Products */,
			);
			sourceTree = "<group>";
		};
		1F3433AD2ACBB92200DD44B0 /* Products */ = {
			isa = PBXGroup;
			children = (
				1F3433AC2ACBB92200DD44B0 /* youtube_Frontend_create.app */,
			);
			name = Products;
			sourceTree = "<group>";
		};
		1F3433AE2ACBB92200DD44B0 /* youtube_Frontend_create */ = {
			isa = PBXGroup;
			children = (
				1F3433AF2ACBB92200DD44B0 /* AppDelegate.swift */,
				1F3433B12ACBB92200DD44B0 /* SceneDelegate.swift */,
				1F3433B32ACBB92200DD44B0 /* ViewController.swift */,
				1F3F42AB2ACD29F5009AE87F /* collectioncell */,
				1F3F42AA2ACD29C8009AE87F /* tablecell */,
				1F3433B52ACBB92200DD44B0 /* Main.storyboard */,
				1F3433B82ACBB92600DD44B0 /* Assets.xcassets */,
				1F3433BA2ACBB92600DD44B0 /* LaunchScreen.storyboard */,
				1F3433BD2ACBB92600DD44B0 /* Info.plist */,
			);
			path = youtube_Frontend_create;
			sourceTree = "<group>";
		};
		1F3F42AA2ACD29C8009AE87F /* tablecell */ = {
			isa = PBXGroup;
			children = (
				1F3F42A72ACD29B6009AE87F /* collectionTableViewCell.xib */,
				1F3F42A62ACD29B6009AE87F /* collectionTableViewCell.swift */,
			);
			path = tablecell;
			sourceTree = "<group>";
		};
		1F3F42AB2ACD29F5009AE87F /* collectioncell */ = {
			isa = PBXGroup;
			children = (
				1F3F42AE2ACD30BD009AE87F /* myCollectionViewCell.swift */,
				1F3F42AF2ACD30BD009AE87F /* myCollectionViewCell.xib */,
			);
			path = collectioncell;
			sourceTree = "<group>";
		};
/* End PBXGroup section */

/* Begin PBXNativeTarget section */
		1F3433AB2ACBB92200DD44B0 /* youtube_Frontend_create */ = {
			isa = PBXNativeTarget;
			buildConfigurationList = 1F3433C02ACBB92600DD44B0 /* Build configuration list for PBXNativeTarget "youtube_Frontend_create" */;
			buildPhases = (
				1F3433A82ACBB92200DD44B0 /* Sources */,
				1F3433A92ACBB92200DD44B0 /* Frameworks */,
				1F3433AA2ACBB92200DD44B0 /* Resources */,
			);
			buildRules = (
			);
			dependencies = (
			);
			name = youtube_Frontend_create;
			productName = youtube_Frontend_create;
			productReference = 1F3433AC2ACBB92200DD44B0 /* youtube_Frontend_create.app */;
			productType = "com.apple.product-type.application";
		};
/* End PBXNativeTarget section */

/* Begin PBXProject section */
		1F3433A42ACBB92200DD44B0 /* Project object */ = {
			isa = PBXProject;
			attributes = {
				BuildIndependentTargetsInParallel = 1;
				LastSwiftUpdateCheck = 1400;
				LastUpgradeCheck = 1400;
				TargetAttributes = {
					1F3433AB2ACBB92200DD44B0 = {
						CreatedOnToolsVersion = 14.0;
					};
				};
			};
			buildConfigurationList = 1F3433A72ACBB92200DD44B0 /* Build configuration list for PBXProject "youtube_Frontend_create" */;
			compatibilityVersion = "Xcode 14.0";
			developmentRegion = en;
			hasScannedForEncodings = 0;
			knownRegions = (
				en,
				Base,
			);
			mainGroup = 1F3433A32ACBB92200DD44B0;
			productRefGroup = 1F3433AD2ACBB92200DD44B0 /* Products */;
			projectDirPath = "";
			projectRoot = "";
			targets = (
				1F3433AB2ACBB92200DD44B0 /* youtube_Frontend_create */,
			);
		};
/* End PBXProject section */

/* Begin PBXResourcesBuildPhase section */
		1F3433AA2ACBB92200DD44B0 /* Resources */ = {
			isa = PBXResourcesBuildPhase;
			buildActionMask = 2147483647;
			files = (
				1F3433BC2ACBB92600DD44B0 /* LaunchScreen.storyboard in Resources */,
				1F3433B92ACBB92600DD44B0 /* Assets.xcassets in Resources */,
				1F3433B72ACBB92200DD44B0 /* Main.storyboard in Resources */,
				1F3F42B12ACD30BD009AE87F /* myCollectionViewCell.xib in Resources */,
				1F3F42A92ACD29B6009AE87F /* collectionTableViewCell.xib in Resources */,
			);
			runOnlyForDeploymentPostprocessing = 0;
		};
/* End PBXResourcesBuildPhase section */

/* Begin PBXSourcesBuildPhase section */
		1F3433A82ACBB92200DD44B0 /* Sources */ = {
			isa = PBXSourcesBuildPhase;
			buildActionMask = 2147483647;
			files = (
				1F3433B42ACBB92200DD44B0 /* ViewController.swift in Sources */,
				1F3F42B02ACD30BD009AE87F /* myCollectionViewCell.swift in Sources */,
				1F3433B02ACBB92200DD44B0 /* AppDelegate.swift in Sources */,
				1F3433B22ACBB92200DD44B0 /* SceneDelegate.swift in Sources */,
				1F3F42A82ACD29B6009AE87F /* collectionTableViewCell.swift in Sources */,
			);
			runOnlyForDeploymentPostprocessing = 0;
		};
/* End PBXSourcesBuildPhase section */

/* Begin PBXVariantGroup section */
		1F3433B52ACBB92200DD44B0 /* Main.storyboard */ = {
			isa = PBXVariantGroup;
			children = (
				1F3433B62ACBB92200DD44B0 /* Base */,
			);
			name = Main.storyboard;
			sourceTree = "<group>";
		};
		1F3433BA2ACBB92600DD44B0 /* LaunchScreen.storyboard */ = {
			isa = PBXVariantGroup;
			children = (
				1F3433BB2ACBB92600DD44B0 /* Base */,
			);
			name = LaunchScreen.storyboard;
			sourceTree = "<group>";
		};
/* End PBXVariantGroup section */

/* Begin XCBuildConfiguration section */
		1F3433BE2ACBB92600DD44B0 /* Debug */ = {
			isa = XCBuildConfiguration;
			buildSettings = {
				ALWAYS_SEARCH_USER_PATHS = NO;
				CLANG_ANALYZER_NONNULL = YES;
				CLANG_ANALYZER_NUMBER_OBJECT_CONVERSION = YES_AGGRESSIVE;
				CLANG_CXX_LANGUAGE_STANDARD = "gnu++20";
				CLANG_ENABLE_MODULES = YES;
				CLANG_ENABLE_OBJC_ARC = YES;
				CLANG_ENABLE_OBJC_WEAK = YES;
				CLANG_WARN_BLOCK_CAPTURE_AUTORELEASING = YES;
				CLANG_WARN_BOOL_CONVERSION = YES;
				CLANG_WARN_COMMA = YES;
				CLANG_WARN_CONSTANT_CONVERSION = YES;
				CLANG_WARN_DEPRECATED_OBJC_IMPLEMENTATIONS = YES;
				CLANG_WARN_DIRECT_OBJC_ISA_USAGE = YES_ERROR;
				CLANG_WARN_DOCUMENTATION_COMMENTS = YES;
				CLANG_WARN_EMPTY_BODY = YES;
				CLANG_WARN_ENUM_CONVERSION = YES;
				CLANG_WARN_INFINITE_RECURSION = YES;
				CLANG_WARN_INT_CONVERSION = YES;
				CLANG_WARN_NON_LITERAL_NULL_CONVERSION = YES;
				CLANG_WARN_OBJC_IMPLICIT_RETAIN_SELF = YES;
				CLANG_WARN_OBJC_LITERAL_CONVERSION = YES;
				CLANG_WARN_OBJC_ROOT_CLASS = YES_ERROR;
				CLANG_WARN_QUOTED_INCLUDE_IN_FRAMEWORK_HEADER = YES;
				CLANG_WARN_RANGE_LOOP_ANALYSIS = YES;
				CLANG_WARN_STRICT_PROTOTYPES = YES;
				CLANG_WARN_SUSPICIOUS_MOVE = YES;
				CLANG_WARN_UNGUARDED_AVAILABILITY = YES_AGGRESSIVE;
				CLANG_WARN_UNREACHABLE_CODE = YES;
				CLANG_WARN__DUPLICATE_METHOD_MATCH = YES;
				COPY_PHASE_STRIP = NO;
				DEBUG_INFORMATION_FORMAT = dwarf;
				ENABLE_STRICT_OBJC_MSGSEND = YES;
				ENABLE_TESTABILITY = YES;
				GCC_C_LANGUAGE_STANDARD = gnu11;
				GCC_DYNAMIC_NO_PIC = NO;
				GCC_NO_COMMON_BLOCKS = YES;
				GCC_OPTIMIZATION_LEVEL = 0;
				GCC_PREPROCESSOR_DEFINITIONS = (
					"DEBUG=1",
					"$(inherited)",
				);
				GCC_WARN_64_TO_32_BIT_CONVERSION = YES;
				GCC_WARN_ABOUT_RETURN_TYPE = YES_ERROR;
				GCC_WARN_UNDECLARED_SELECTOR = YES;
				GCC_WARN_UNINITIALIZED_AUTOS = YES_AGGRESSIVE;
				GCC_WARN_UNUSED_FUNCTION = YES;
				GCC_WARN_UNUSED_VARIABLE = YES;
				IPHONEOS_DEPLOYMENT_TARGET = 16.0;
				MTL_ENABLE_DEBUG_INFO = INCLUDE_SOURCE;
				MTL_FAST_MATH = YES;
				ONLY_ACTIVE_ARCH = YES;
				SDKROOT = iphoneos;
				SWIFT_ACTIVE_COMPILATION_CONDITIONS = DEBUG;
				SWIFT_OPTIMIZATION_LEVEL = "-Onone";
			};
			name = Debug;
		};
		1F3433BF2ACBB92600DD44B0 /* Release */ = {
			isa = XCBuildConfiguration;
			buildSettings = {
				ALWAYS_SEARCH_USER_PATHS = NO;
				CLANG_ANALYZER_NONNULL = YES;
				CLANG_ANALYZER_NUMBER_OBJECT_CONVERSION = YES_AGGRESSIVE;
				CLANG_CXX_LANGUAGE_STANDARD = "gnu++20";
				CLANG_ENABLE_MODULES = YES;
				CLANG_ENABLE_OBJC_ARC = YES;
				CLANG_ENABLE_OBJC_WEAK = YES;
				CLANG_WARN_BLOCK_CAPTURE_AUTORELEASING = YES;
				CLANG_WARN_BOOL_CONVERSION = YES;
				CLANG_WARN_COMMA = YES;
				CLANG_WARN_CONSTANT_CONVERSION = YES;
				CLANG_WARN_DEPRECATED_OBJC_IMPLEMENTATIONS = YES;
				CLANG_WARN_DIRECT_OBJC_ISA_USAGE = YES_ERROR;
				CLANG_WARN_DOCUMENTATION_COMMENTS = YES;
				CLANG_WARN_EMPTY_BODY = YES;
				CLANG_WARN_ENUM_CONVERSION = YES;
				CLANG_WARN_INFINITE_RECURSION = YES;
				CLANG_WARN_INT_CONVERSION = YES;
				CLANG_WARN_NON_LITERAL_NULL_CONVERSION = YES;
				CLANG_WARN_OBJC_IMPLICIT_RETAIN_SELF = YES;
				CLANG_WARN_OBJC_LITERAL_CONVERSION = YES;
				CLANG_WARN_OBJC_ROOT_CLASS = YES_ERROR;
				CLANG_WARN_QUOTED_INCLUDE_IN_FRAMEWORK_HEADER = YES;
				CLANG_WARN_RANGE_LOOP_ANALYSIS = YES;
				CLANG_WARN_STRICT_PROTOTYPES = YES;
				CLANG_WARN_SUSPICIOUS_MOVE = YES;
				CLANG_WARN_UNGUARDED_AVAILABILITY = YES_AGGRESSIVE;
				CLANG_WARN_UNREACHABLE_CODE = YES;
				CLANG_WARN__DUPLICATE_METHOD_MATCH = YES;
				COPY_PHASE_STRIP = NO;
				DEBUG_INFORMATION_FORMAT = "dwarf-with-dsym";
				ENABLE_NS_ASSERTIONS = NO;
				ENABLE_STRICT_OBJC_MSGSEND = YES;
				GCC_C_LANGUAGE_STANDARD = gnu11;
				GCC_NO_COMMON_BLOCKS = YES;
				GCC_WARN_64_TO_32_BIT_CONVERSION = YES;
				GCC_WARN_ABOUT_RETURN_TYPE = YES_ERROR;
				GCC_WARN_UNDECLARED_SELECTOR = YES;
				GCC_WARN_UNINITIALIZED_AUTOS = YES_AGGRESSIVE;
				GCC_WARN_UNUSED_FUNCTION = YES;
				GCC_WARN_UNUSED_VARIABLE = YES;
				IPHONEOS_DEPLOYMENT_TARGET = 16.0;
				MTL_ENABLE_DEBUG_INFO = NO;
				MTL_FAST_MATH = YES;
				SDKROOT = iphoneos;
				SWIFT_COMPILATION_MODE = wholemodule;
				SWIFT_OPTIMIZATION_LEVEL = "-O";
				VALIDATE_PRODUCT = YES;
			};
			name = Release;
		};
		1F3433C12ACBB92600DD44B0 /* Debug */ = {
			isa = XCBuildConfiguration;
			buildSettings = {
				ASSETCATALOG_COMPILER_APPICON_NAME = AppIcon;
				ASSETCATALOG_COMPILER_GLOBAL_ACCENT_COLOR_NAME = AccentColor;
				CODE_SIGN_STYLE = Automatic;
				CURRENT_PROJECT_VERSION = 1;
				GENERATE_INFOPLIST_FILE = YES;
				INFOPLIST_FILE = youtube_Frontend_create/Info.plist;
				INFOPLIST_KEY_UIApplicationSupportsIndirectInputEvents = YES;
				INFOPLIST_KEY_UILaunchStoryboardName = LaunchScreen;
				INFOPLIST_KEY_UIMainStoryboardFile = Main;
				INFOPLIST_KEY_UISupportedInterfaceOrientations_iPad = "UIInterfaceOrientationPortrait UIInterfaceOrientationPortraitUpsideDown UIInterfaceOrientationLandscapeLeft UIInterfaceOrientationLandscapeRight";
				INFOPLIST_KEY_UISupportedInterfaceOrientations_iPhone = "UIInterfaceOrientationPortrait UIInterfaceOrientationLandscapeLeft UIInterfaceOrientationLandscapeRight";
				LD_RUNPATH_SEARCH_PATHS = (
					"$(inherited)",
					"@executable_path/Frameworks",
				);
				MARKETING_VERSION = 1.0;
				PRODUCT_BUNDLE_IDENTIFIER = "com.asaithambi.youtube-Frontend-create";
				PRODUCT_NAME = "$(TARGET_NAME)";
				SWIFT_EMIT_LOC_STRINGS = YES;
				SWIFT_VERSION = 5.0;
				TARGETED_DEVICE_FAMILY = "1,2";
			};
			name = Debug;
		};
		1F3433C22ACBB92600DD44B0 /* Release */ = {
			isa = XCBuildConfiguration;
			buildSettings = {
				ASSETCATALOG_COMPILER_APPICON_NAME = AppIcon;
				ASSETCATALOG_COMPILER_GLOBAL_ACCENT_COLOR_NAME = AccentColor;
				CODE_SIGN_STYLE = Automatic;
				CURRENT_PROJECT_VERSION = 1;
				GENERATE_INFOPLIST_FILE = YES;
				INFOPLIST_FILE = youtube_Frontend_create/Info.plist;
				INFOPLIST_KEY_UIApplicationSupportsIndirectInputEvents = YES;
				INFOPLIST_KEY_UILaunchStoryboardName = LaunchScreen;
				INFOPLIST_KEY_UIMainStoryboardFile = Main;
				INFOPLIST_KEY_UISupportedInterfaceOrientations_iPad = "UIInterfaceOrientationPortrait UIInterfaceOrientationPortraitUpsideDown UIInterfaceOrientationLandscapeLeft UIInterfaceOrientationLandscapeRight";
				INFOPLIST_KEY_UISupportedInterfaceOrientations_iPhone = "UIInterfaceOrientationPortrait UIInterfaceOrientationLandscapeLeft UIInterfaceOrientationLandscapeRight";
				LD_RUNPATH_SEARCH_PATHS = (
					"$(inherited)",
					"@executable_path/Frameworks",
				);
				MARKETING_VERSION = 1.0;
				PRODUCT_BUNDLE_IDENTIFIER = "com.asaithambi.youtube-Frontend-create";
				PRODUCT_NAME = "$(TARGET_NAME)";
				SWIFT_EMIT_LOC_STRINGS = YES;
				SWIFT_VERSION = 5.0;
				TARGETED_DEVICE_FAMILY = "1,2";
			};
			name = Release;
		};
/* End XCBuildConfiguration section */

/* Begin XCConfigurationList section */
		1F3433A72ACBB92200DD44B0 /* Build configuration list for PBXProject "youtube_Frontend_create" */ = {
			isa = XCConfigurationList;
			buildConfigurations = (
				1F3433BE2ACBB92600DD44B0 /* Debug */,
				1F3433BF2ACBB92600DD44B0 /* Release */,
			);
			defaultConfigurationIsVisible = 0;
			defaultConfigurationName = Release;
		};
		1F3433C02ACBB92600DD44B0 /* Build configuration list for PBXNativeTarget "youtube_Frontend_create" */ = {
			isa = XCConfigurationList;
			buildConfigurations = (
				1F3433C12ACBB92600DD44B0 /* Debug */,
				1F3433C22ACBB92600DD44B0 /* Release */,
			);
			defaultConfigurationIsVisible = 0;
			defaultConfigurationName = Release;
		};
/* End XCConfigurationList section */
	};
	rootObject = 1F3433A42ACBB92200DD44B0 /* Project object */;
}
